
Microsoft Visual Studio Solution File, Format Version 12.00
# Visual Studio Version 16
VisualStudioVersion = 16.0.31911.196
MinimumVisualStudioVersion = 10.0.40219.1
Project("{9A19103F-16F7-4668-BE54-9A1E7A4F7556}") = "HeroHQ", "HeroHQ\HeroHQ.csproj", "{EB007838-34AA-42B7-8B48-F4C7940638B9}"
EndProject
Global
	GlobalSection(SolutionConfigurationPlatforms) = preSolution
		Debug|Any CPU = Debug|Any CPU
		Release|Any CPU = Release|Any CPU
	EndGlobalSection
	GlobalSection(ProjectConfigurationPlatforms) = postSolution
		{EB007838-34AA-42B7-8B48-F4C7940638B9}.Debug|Any CPU.ActiveCfg = Debug|Any CPU
		{EB007838-34AA-42B7-8B48-F4C7940638B9}.Debug|Any CPU.Build.0 = Debug|Any CPU
		{EB007838-34AA-42B7-8B48-F4C7940638B9}.Release|Any CPU.ActiveCfg = Release|Any CPU
		{EB007838-34AA-42B7-8B48-F4C7940638B9}.Release|Any CPU.Build.0 = Release|Any CPU
	EndGlobalSection
	GlobalSection(SolutionProperties) = preSolution
		HideSolutionNode = FALSE
	EndGlobalSection
	GlobalSection(ExtensibilityGlobals) = postSolution
		SolutionGuid = {05BD3607-A6E0-4134-8D7E-E9DA4AB730B5}
	EndGlobalSection
EndGlobal
